Microsoft Visual Studio Solution File, Format Version 10.00
# Visual Studio 2008
Project("{FAE04EC0-301F-11D3-BF4B-00C04F79EFBC}") = "C5", "C5\C5.csproj", "{D70489CD-ABDA-48FF-BD1E-BE3F7495BE71}"
EndProject
Project("{FAE04EC0-301F-11D3-BF4B-00C04F79EFBC}") = "nunit", "nunit\nunit.csproj", "{08CBFDEB-A2E2-4F0E-A4E1-B996B05569DE}"
	ProjectSection(ProjectDependencies) = postProject
		{D70489CD-ABDA-48FF-BD1E-BE3F7495BE71} = {D70489CD-ABDA-48FF-BD1E-BE3F7495BE71}
	EndProjectSection
EndProject
Project("{FAE04EC0-301F-11D3-BF4B-00C04F79EFBC}") = "UserGuideExamples", "UserGuideExamples\UserGuideExamples.csproj", "{B2A29FF2-A5C5-4F07-8CE7-FF5D744D7562}"
	ProjectSection(ProjectDependencies) = postProject
		{D70489CD-ABDA-48FF-BD1E-BE3F7495BE71} = {D70489CD-ABDA-48FF-BD1E-BE3F7495BE71}
	EndProjectSection
EndProject
Project("{2150E333-8FDC-42A3-9474-1A3956D46DE8}") = "Strong Name Key", "Strong Name Key", "{2EEE2D02-D5DD-4FED-926C-8BEEE21570ED}"
	ProjectSection(SolutionItems) = preProject
		C5.snk = C5.snk
	EndProjectSection
EndProject
Project("{FAE04EC0-301F-11D3-BF4B-00C04F79EFBC}") = "C5.Tests", "C5.Tests\C5.Tests.csproj", "{71E033DE-B26A-4AEE-982F-0997AA63D1F9}"
	ProjectSection(ProjectDependencies) = postProject
		{D70489CD-ABDA-48FF-BD1E-BE3F7495BE71} = {D70489CD-ABDA-48FF-BD1E-BE3F7495BE71}
	EndProjectSection
EndProject
Global
	GlobalSection(SolutionConfigurationPlatforms) = preSolution
		Checked|Any CPU = Checked|Any CPU
		CodeAnalysis|Any CPU = CodeAnalysis|Any CPU
		Debug|Any CPU = Debug|Any CPU
		Release|Any CPU = Release|Any CPU
	EndGlobalSection
	GlobalSection(ProjectConfigurationPlatforms) = postSolution
		{D70489CD-ABDA-48FF-BD1E-BE3F7495BE71}.Checked|Any CPU.ActiveCfg = Checked|Any CPU
		{D70489CD-ABDA-48FF-BD1E-BE3F7495BE71}.Checked|Any CPU.Build.0 = Checked|Any CPU
		{D70489CD-ABDA-48FF-BD1E-BE3F7495BE71}.CodeAnalysis|Any CPU.ActiveCfg = CodeAnalysis|Any CPU
		{D70489CD-ABDA-48FF-BD1E-BE3F7495BE71}.CodeAnalysis|Any CPU.Build.0 = CodeAnalysis|Any CPU
		{D70489CD-ABDA-48FF-BD1E-BE3F7495BE71}.Debug|Any CPU.ActiveCfg = Debug|Any CPU
		{D70489CD-ABDA-48FF-BD1E-BE3F7495BE71}.Debug|Any CPU.Build.0 = Debug|Any CPU
		{D70489CD-ABDA-48FF-BD1E-BE3F7495BE71}.Release|Any CPU.ActiveCfg = Release|Any CPU
		{D70489CD-ABDA-48FF-BD1E-BE3F7495BE71}.Release|Any CPU.Build.0 = Release|Any CPU
		{08CBFDEB-A2E2-4F0E-A4E1-B996B05569DE}.Checked|Any CPU.ActiveCfg = Debug|Any CPU
		{08CBFDEB-A2E2-4F0E-A4E1-B996B05569DE}.Checked|Any CPU.Build.0 = Debug|Any CPU
		{08CBFDEB-A2E2-4F0E-A4E1-B996B05569DE}.CodeAnalysis|Any CPU.ActiveCfg = Debug|Any CPU
		{08CBFDEB-A2E2-4F0E-A4E1-B996B05569DE}.Debug|Any CPU.ActiveCfg = Debug|Any CPU
		{08CBFDEB-A2E2-4F0E-A4E1-B996B05569DE}.Debug|Any CPU.Build.0 = Debug|Any CPU
		{08CBFDEB-A2E2-4F0E-A4E1-B996B05569DE}.Release|Any CPU.ActiveCfg = Debug|Any CPU
		{08CBFDEB-A2E2-4F0E-A4E1-B996B05569DE}.Release|Any CPU.Build.0 = Debug|Any CPU
		{B2A29FF2-A5C5-4F07-8CE7-FF5D744D7562}.Checked|Any CPU.ActiveCfg = Release|Any CPU
		{B2A29FF2-A5C5-4F07-8CE7-FF5D744D7562}.Checked|Any CPU.Build.0 = Release|Any CPU
		{B2A29FF2-A5C5-4F07-8CE7-FF5D744D7562}.CodeAnalysis|Any CPU.ActiveCfg = Debug|Any CPU
		{B2A29FF2-A5C5-4F07-8CE7-FF5D744D7562}.Debug|Any CPU.ActiveCfg = Debug|Any CPU
		{B2A29FF2-A5C5-4F07-8CE7-FF5D744D7562}.Debug|Any CPU.Build.0 = Debug|Any CPU
		{B2A29FF2-A5C5-4F07-8CE7-FF5D744D7562}.Release|Any CPU.ActiveCfg = Release|Any CPU
		{B2A29FF2-A5C5-4F07-8CE7-FF5D744D7562}.Release|Any CPU.Build.0 = Release|Any CPU
		{71E033DE-B26A-4AEE-982F-0997AA63D1F9}.Checked|Any CPU.ActiveCfg = Release|Any CPU
		{71E033DE-B26A-4AEE-982F-0997AA63D1F9}.Checked|Any CPU.Build.0 = Release|Any CPU
		{71E033DE-B26A-4AEE-982F-0997AA63D1F9}.CodeAnalysis|Any CPU.ActiveCfg = Debug|Any CPU
		{71E033DE-B26A-4AEE-982F-0997AA63D1F9}.Debug|Any CPU.ActiveCfg = Debug|Any CPU
		{71E033DE-B26A-4AEE-982F-0997AA63D1F9}.Debug|Any CPU.Build.0 = Debug|Any CPU
		{71E033DE-B26A-4AEE-982F-0997AA63D1F9}.Release|Any CPU.ActiveCfg = Release|Any CPU
		{71E033DE-B26A-4AEE-982F-0997AA63D1F9}.Release|Any CPU.Build.0 = Release|Any CPU
	EndGlobalSection
	GlobalSection(SolutionProperties) = preSolution
		HideSolutionNode = FALSE
	EndGlobalSection
EndGlobal
